
Microsoft Visual Studio Solution File, Format Version 12.00
# Visual Studio Version 17
VisualStudioVersion = 17.11.35303.130
MinimumVisualStudioVersion = 10.0.40219.1
Project("{FAE04EC0-301F-11D3-BF4B-00C04F79EFBC}") = "GruasUcabOrdersMS", "GruasUcabOrdersMS\GruasUcabOrdersMS.csproj", "{AC54F95C-6EC2-481C-BDB5-CA35BD377D72}"
EndProject
Global
	GlobalSection(SolutionConfigurationPlatforms) = preSolution
		Debug|Any CPU = Debug|Any CPU
		Release|Any CPU = Release|Any CPU
	EndGlobalSection
	GlobalSection(ProjectConfigurationPlatforms) = postSolution
		{AC54F95C-6EC2-481C-BDB5-CA35BD377D72}.Debug|Any CPU.ActiveCfg = Debug|Any CPU
		{AC54F95C-6EC2-481C-BDB5-CA35BD377D72}.Debug|Any CPU.Build.0 = Debug|Any CPU
		{AC54F95C-6EC2-481C-BDB5-CA35BD377D72}.Release|Any CPU.ActiveCfg = Release|Any CPU
		{AC54F95C-6EC2-481C-BDB5-CA35BD377D72}.Release|Any CPU.Build.0 = Release|Any CPU
	EndGlobalSection
	GlobalSection(SolutionProperties) = preSolution
		HideSolutionNode = FALSE
	EndGlobalSection
	GlobalSection(ExtensibilityGlobals) = postSolution
		SolutionGuid = {DA372268-E861-42BD-AC48-0001F9562157}
	EndGlobalSection
EndGlobal
